// !$*UTF8*$!
{
	archiveVersion = 1;
	classes = {
	};
	objectVersion = 48;
	objects = {

/* Begin PBXBuildFile section */
		29F36772211360D300CD9630 /* AppDelegate.swift in Sources */ = {isa = PBXBuildFile; fileRef = 29F36771211360D300CD9630 /* AppDelegate.swift */; };
		29F36779211360D300CD9630 /* Assets.xcassets in Resources */ = {isa = PBXBuildFile; fileRef = 29F36778211360D300CD9630 /* Assets.xcassets */; };
		29F3678A211360F300CD9630 /* LaunchScreen.storyboard in Resources */ = {isa = PBXBuildFile; fileRef = 29F36784211360F300CD9630 /* LaunchScreen.storyboard */; };
		29F3678B211360F300CD9630 /* Main.storyboard in Resources */ = {isa = PBXBuildFile; fileRef = 29F36786211360F300CD9630 /* Main.storyboard */; };
		29F3678C211360F300CD9630 /* CalloutView.swift in Sources */ = {isa = PBXBuildFile; fileRef = 29F36788211360F300CD9630 /* CalloutView.swift */; };
		29F3678D211360F300CD9630 /* calloutView.xib in Resources */ = {isa = PBXBuildFile; fileRef = 29F36789211360F300CD9630 /* calloutView.xib */; };
		29F36791211360F800CD9630 /* MapViewController.swift in Sources */ = {isa = PBXBuildFile; fileRef = 29F3678F211360F800CD9630 /* MapViewController.swift */; };
		29F36792211360F800CD9630 /* ViewController.swift in Sources */ = {isa = PBXBuildFile; fileRef = 29F36790211360F800CD9630 /* ViewController.swift */; };
		29F367952113610600CD9630 /* MapViewModel.swift in Sources */ = {isa = PBXBuildFile; fileRef = 29F367942113610600CD9630 /* MapViewModel.swift */; };
		E62D49EF4D2F9098FBDFCD79 /* Pods_UserLocationApp.framework in Frameworks */ = {isa = PBXBuildFile; fileRef = 16A35799CCD1D2CC7C5B40D8 /* Pods_UserLocationApp.framework */; };
/* End PBXBuildFile section */

/* Begin PBXFileReference section */
		162EEB9AF989E930706B6F6A /* Pods-UserLocationApp.debug.xcconfig */ = {isa = PBXFileReference; includeInIndex = 1; lastKnownFileType = text.xcconfig; name = "Pods-UserLocationApp.debug.xcconfig"; path = "Pods/Target Support Files/Pods-UserLocationApp/Pods-UserLocationApp.debug.xcconfig"; sourceTree = "<group>"; };
		16A35799CCD1D2CC7C5B40D8 /* Pods_UserLocationApp.framework */ = {isa = PBXFileReference; explicitFileType = wrapper.framework; includeInIndex = 0; path = Pods_UserLocationApp.framework; sourceTree = BUILT_PRODUCTS_DIR; };
		29F3676E211360D300CD9630 /* UserLocationApp.app */ = {isa = PBXFileReference; explicitFileType = wrapper.application; includeInIndex = 0; path = UserLocationApp.app; sourceTree = BUILT_PRODUCTS_DIR; };
		29F36771211360D300CD9630 /* AppDelegate.swift */ = {isa = PBXFileReference; lastKnownFileType = sourcecode.swift; path = AppDelegate.swift; sourceTree = "<group>"; };
		29F36778211360D300CD9630 /* Assets.xcassets */ = {isa = PBXFileReference; lastKnownFileType = folder.assetcatalog; path = Assets.xcassets; sourceTree = "<group>"; };
		29F3677D211360D300CD9630 /* Info.plist */ = {isa = PBXFileReference; lastKnownFileType = text.plist.xml; path = Info.plist; sourceTree = "<group>"; };
		29F36785211360F300CD9630 /* Base */ = {isa = PBXFileReference; lastKnownFileType = file.storyboard; name = Base; path = Base.lproj/LaunchScreen.storyboard; sourceTree = "<group>"; };
		29F36787211360F300CD9630 /* Base */ = {isa = PBXFileReference; lastKnownFileType = file.storyboard; name = Base; path = Base.lproj/Main.storyboard; sourceTree = "<group>"; };
		29F36788211360F300CD9630 /* CalloutView.swift */ = {isa = PBXFileReference; fileEncoding = 4; lastKnownFileType = sourcecode.swift; path = CalloutView.swift; sourceTree = "<group>"; };
		29F36789211360F300CD9630 /* calloutView.xib */ = {isa = PBXFileReference; fileEncoding = 4; lastKnownFileType = file.xib; path = calloutView.xib; sourceTree = "<group>"; };
		29F3678F211360F800CD9630 /* MapViewController.swift */ = {isa = PBXFileReference; fileEncoding = 4; lastKnownFileType = sourcecode.swift; path = MapViewController.swift; sourceTree = "<group>"; };
		29F36790211360F800CD9630 /* ViewController.swift */ = {isa = PBXFileReference; fileEncoding = 4; lastKnownFileType = sourcecode.swift; path = ViewController.swift; sourceTree = "<group>"; };
		29F367942113610600CD9630 /* MapViewModel.swift */ = {isa = PBXFileReference; fileEncoding = 4; lastKnownFileType = sourcecode.swift; path = MapViewModel.swift; sourceTree = "<group>"; };
		EB530A0586CEA9054A2AE6BA /* Pods-UserLocationApp.release.xcconfig */ = {isa = PBXFileReference; includeInIndex = 1; lastKnownFileType = text.xcconfig; name = "Pods-UserLocationApp.release.xcconfig"; path = "Pods/Target Support Files/Pods-UserLocationApp/Pods-UserLocationApp.release.xcconfig"; sourceTree = "<group>"; };
/* End PBXFileReference section */

/* Begin PBXFrameworksBuildPhase section */
		29F3676B211360D300CD9630 /* Frameworks */ = {
			isa = PBXFrameworksBuildPhase;
			buildActionMask = 2147483647;
			files = (
				E62D49EF4D2F9098FBDFCD79 /* Pods_UserLocationApp.framework in Frameworks */,
			);
			runOnlyForDeploymentPostprocessing = 0;
		};
/* End PBXFrameworksBuildPhase section */

/* Begin PBXGroup section */
		1F0AAEF916D69C76742A6940 /* Pods */ = {
			isa = PBXGroup;
			children = (
				162EEB9AF989E930706B6F6A /* Pods-UserLocationApp.debug.xcconfig */,
				EB530A0586CEA9054A2AE6BA /* Pods-UserLocationApp.release.xcconfig */,
			);
			name = Pods;
			sourceTree = "<group>";
		};
		29F36765211360D300CD9630 = {
			isa = PBXGroup;
			children = (
				29F36770211360D300CD9630 /* UserLocationApp */,
				29F3676F211360D300CD9630 /* Products */,
				1F0AAEF916D69C76742A6940 /* Pods */,
				D428F79B6C20A31056ED3F55 /* Frameworks */,
			);
			sourceTree = "<group>";
		};
		29F3676F211360D300CD9630 /* Products */ = {
			isa = PBXGroup;
			children = (
				29F3676E211360D300CD9630 /* UserLocationApp.app */,
			);
			name = Products;
			sourceTree = "<group>";
		};
		29F36770211360D300CD9630 /* UserLocationApp */ = {
			isa = PBXGroup;
			children = (
				29F36771211360D300CD9630 /* AppDelegate.swift */,
				29F367932113610600CD9630 /* ViewModel */,
				29F3678E211360F800CD9630 /* Controllers */,
				29F36783211360F300CD9630 /* View */,
				29F36778211360D300CD9630 /* Assets.xcassets */,
				29F3677D211360D300CD9630 /* Info.plist */,
			);
			path = UserLocationApp;
			sourceTree = "<group>";
		};
		29F36783211360F300CD9630 /* View */ = {
			isa = PBXGroup;
			children = (
				29F36784211360F300CD9630 /* LaunchScreen.storyboard */,
				29F36786211360F300CD9630 /* Main.storyboard */,
				29F36788211360F300CD9630 /* CalloutView.swift */,
				29F36789211360F300CD9630 /* calloutView.xib */,
			);
			path = View;
			sourceTree = "<group>";
		};
		29F3678E211360F800CD9630 /* Controllers */ = {
			isa = PBXGroup;
			children = (
				29F3678F211360F800CD9630 /* MapViewController.swift */,
				29F36790211360F800CD9630 /* ViewController.swift */,
			);
			path = Controllers;
			sourceTree = "<group>";
		};
		29F367932113610600CD9630 /* ViewModel */ = {
			isa = PBXGroup;
			children = (
				29F367942113610600CD9630 /* MapViewModel.swift */,
			);
			path = ViewModel;
			sourceTree = "<group>";
		};
		D428F79B6C20A31056ED3F55 /* Frameworks */ = {
			isa = PBXGroup;
			children = (
				16A35799CCD1D2CC7C5B40D8 /* Pods_UserLocationApp.framework */,
			);
			name = Frameworks;
			sourceTree = "<group>";
		};
/* End PBXGroup section */

/* Begin PBXNativeTarget section */
		29F3676D211360D300CD9630 /* UserLocationApp */ = {
			isa = PBXNativeTarget;
			buildConfigurationList = 29F36780211360D300CD9630 /* Build configuration list for PBXNativeTarget "UserLocationApp" */;
			buildPhases = (
				0DBD548973A2172B7BC56919 /* [CP] Check Pods Manifest.lock */,
				29F3676A211360D300CD9630 /* Sources */,
				29F3676B211360D300CD9630 /* Frameworks */,
				29F3676C211360D300CD9630 /* Resources */,
				CC0EB0E1675C022139DD4BA1 /* [CP] Embed Pods Frameworks */,
			);
			buildRules = (
			);
			dependencies = (
			);
			name = UserLocationApp;
			productName = UserLocationApp;
			productReference = 29F3676E211360D300CD9630 /* UserLocationApp.app */;
			productType = "com.apple.product-type.application";
		};
/* End PBXNativeTarget section */

/* Begin PBXProject section */
		29F36766211360D300CD9630 /* Project object */ = {
			isa = PBXProject;
			attributes = {
				LastSwiftUpdateCheck = 0920;
				LastUpgradeCheck = 1010;
				ORGANIZATIONNAME = iOS;
				TargetAttributes = {
					29F3676D211360D300CD9630 = {
						CreatedOnToolsVersion = 9.2;
						ProvisioningStyle = Automatic;
					};
				};
			};
			buildConfigurationList = 29F36769211360D300CD9630 /* Build configuration list for PBXProject "UserLocationApp" */;
			compatibilityVersion = "Xcode 8.0";
			developmentRegion = en;
			hasScannedForEncodings = 0;
			knownRegions = (
				en,
				Base,
			);
			mainGroup = 29F36765211360D300CD9630;
			productRefGroup = 29F3676F211360D300CD9630 /* Products */;
			projectDirPath = "";
			projectRoot = "";
			targets = (
				29F3676D211360D300CD9630 /* UserLocationApp */,
			);
		};
/* End PBXProject section */

/* Begin PBXResourcesBuildPhase section */
		29F3676C211360D300CD9630 /* Resources */ = {
			isa = PBXResourcesBuildPhase;
			buildActionMask = 2147483647;
			files = (
				29F3678B211360F300CD9630 /* Main.storyboard in Resources */,
				29F3678A211360F300CD9630 /* LaunchScreen.storyboard in Resources */,
				29F36779211360D300CD9630 /* Assets.xcassets in Resources */,
				29F3678D211360F300CD9630 /* calloutView.xib in Resources */,
			);
			runOnlyForDeploymentPostprocessing = 0;
		};
/* End PBXResourcesBuildPhase section */

/* Begin PBXShellScriptBuildPhase section */
		0DBD548973A2172B7BC56919 /* [CP] Check Pods Manifest.lock */ = {
			isa = PBXShellScriptBuildPhase;
			buildActionMask = 2147483647;
			files = (
			);
			inputPaths = (
				"${PODS_PODFILE_DIR_PATH}/Podfile.lock",
				"${PODS_ROOT}/Manifest.lock",
			);
			name = "[CP] Check Pods Manifest.lock";
			outputPaths = (
				"$(DERIVED_FILE_DIR)/Pods-UserLocationApp-checkManifestLockResult.txt",
			);
			runOnlyForDeploymentPostprocessing = 0;
			shellPath = /bin/sh;
			shellScript = "diff \"${PODS_PODFILE_DIR_PATH}/Podfile.lock\" \"${PODS_ROOT}/Manifest.lock\" > /dev/null\nif [ $? != 0 ] ; then\n    # print error to STDERR\n    echo \"error: The sandbox is not in sync with the Podfile.lock. Run 'pod install' or update your CocoaPods installation.\" >&2\n    exit 1\nfi\n# This output is used by Xcode 'outputs' to avoid re-running this script phase.\necho \"SUCCESS\" > \"${SCRIPT_OUTPUT_FILE_0}\"\n";
			showEnvVarsInLog = 0;
		};
		CC0EB0E1675C022139DD4BA1 /* [CP] Embed Pods Frameworks */ = {
			isa = PBXShellScriptBuildPhase;
			buildActionMask = 2147483647;
			files = (
			);
			inputPaths = (
				"${SRCROOT}/Pods/Target Support Files/Pods-UserLocationApp/Pods-UserLocationApp-frameworks.sh",
				"${BUILT_PRODUCTS_DIR}/Alamofire/Alamofire.framework",
				"${BUILT_PRODUCTS_DIR}/SwiftyJSON/SwiftyJSON.framework",
			);
			name = "[CP] Embed Pods Frameworks";
			outputPaths = (
				"${TARGET_BUILD_DIR}/${FRAMEWORKS_FOLDER_PATH}/Alamofire.framework",
				"${TARGET_BUILD_DIR}/${FRAMEWORKS_FOLDER_PATH}/SwiftyJSON.framework",
			);
			runOnlyForDeploymentPostprocessing = 0;
			shellPath = /bin/sh;
			shellScript = "\"${SRCROOT}/Pods/Target Support Files/Pods-UserLocationApp/Pods-UserLocationApp-frameworks.sh\"\n";
			showEnvVarsInLog = 0;
		};
/* End PBXShellScriptBuildPhase section */

/* Begin PBXSourcesBuildPhase section */
		29F3676A211360D300CD9630 /* Sources */ = {
			isa = PBXSourcesBuildPhase;
			buildActionMask = 2147483647;
			files = (
				29F36792211360F800CD9630 /* ViewController.swift in Sources */,
				29F36772211360D300CD9630 /* AppDelegate.swift in Sources */,
				29F3678C211360F300CD9630 /* CalloutView.swift in Sources */,
				29F36791211360F800CD9630 /* MapViewController.swift in Sources */,
				29F367952113610600CD9630 /* MapViewModel.swift in Sources */,
			);
			runOnlyForDeploymentPostprocessing = 0;
		};
/* End PBXSourcesBuildPhase section */

/* Begin PBXVariantGroup section */
		29F36784211360F300CD9630 /* LaunchScreen.storyboard */ = {
			isa = PBXVariantGroup;
			children = (
				29F36785211360F300CD9630 /* Base */,
			);
			name = LaunchScreen.storyboard;
			sourceTree = "<group>";
		};
		29F36786211360F300CD9630 /* Main.storyboard */ = {
			isa = PBXVariantGroup;
			children = (
				29F36787211360F300CD9630 /* Base */,
			);
			name = Main.storyboard;
			sourceTree = "<group>";
		};
/* End PBXVariantGroup section */

/* Begin XCBuildConfiguration section */
		29F3677E211360D300CD9630 /* Debug */ = {
			isa = XCBuildConfiguration;
			buildSettings = {
				ALWAYS_SEARCH_USER_PATHS = NO;
				CLANG_ANALYZER_NONNULL = YES;
				CLANG_ANALYZER_NUMBER_OBJECT_CONVERSION = YES_AGGRESSIVE;
				CLANG_CXX_LANGUAGE_STANDARD = "gnu++14";
				CLANG_CXX_LIBRARY = "libc++";
				CLANG_ENABLE_MODULES = YES;
				CLANG_ENABLE_OBJC_ARC = YES;
				CLANG_WARN_BLOCK_CAPTURE_AUTORELEASING = YES;
				CLANG_WARN_BOOL_CONVERSION = YES;
				CLANG_WARN_COMMA = YES;
				CLANG_WARN_CONSTANT_CONVERSION = YES;
				CLANG_WARN_DEPRECATED_OBJC_IMPLEMENTATIONS = YES;
				CLANG_WARN_DIRECT_OBJC_ISA_USAGE = YES_ERROR;
				CLANG_WARN_DOCUMENTATION_COMMENTS = YES;
				CLANG_WARN_EMPTY_BODY = YES;
				CLANG_WARN_ENUM_CONVERSION = YES;
				CLANG_WARN_INFINITE_RECURSION = YES;
				CLANG_WARN_INT_CONVERSION = YES;
				CLANG_WARN_NON_LITERAL_NULL_CONVERSION = YES;
				CLANG_WARN_OBJC_IMPLICIT_RETAIN_SELF = YES;
				CLANG_WARN_OBJC_LITERAL_CONVERSION = YES;
				CLANG_WARN_OBJC_ROOT_CLASS = YES_ERROR;
				CLANG_WARN_RANGE_LOOP_ANALYSIS = YES;
				CLANG_WARN_STRICT_PROTOTYPES = YES;
				CLANG_WARN_SUSPICIOUS_MOVE = YES;
				CLANG_WARN_UNGUARDED_AVAILABILITY = YES_AGGRESSIVE;
				CLANG_WARN_UNREACHABLE_CODE = YES;
				CLANG_WARN__DUPLICATE_METHOD_MATCH = YES;
				CODE_SIGN_IDENTITY = "iPhone Developer";
				COPY_PHASE_STRIP = NO;
				DEBUG_INFORMATION_FORMAT = dwarf;
				ENABLE_STRICT_OBJC_MSGSEND = YES;
				ENABLE_TESTABILITY = YES;
				GCC_C_LANGUAGE_STANDARD = gnu11;
				GCC_DYNAMIC_NO_PIC = NO;
				GCC_NO_COMMON_BLOCKS = YES;
				GCC_OPTIMIZATION_LEVEL = 0;
				GCC_PREPROCESSOR_DEFINITIONS = (
					"DEBUG=1",
					"$(inherited)",
				);
				GCC_WARN_64_TO_32_BIT_CONVERSION = YES;
				GCC_WARN_ABOUT_RETURN_TYPE = YES_ERROR;
				GCC_WARN_UNDECLARED_SELECTOR = YES;
				GCC_WARN_UNINITIALIZED_AUTOS = YES_AGGRESSIVE;
				GCC_WARN_UNUSED_FUNCTION = YES;
				GCC_WARN_UNUSED_VARIABLE = YES;
				IPHONEOS_DEPLOYMENT_TARGET = 11.2;
				MTL_ENABLE_DEBUG_INFO = YES;
				ONLY_ACTIVE_ARCH = YES;
				SDKROOT = iphoneos;
				SWIFT_ACTIVE_COMPILATION_CONDITIONS = DEBUG;
				SWIFT_OPTIMIZATION_LEVEL = "-Onone";
			};
			name = Debug;
		};
		29F3677F211360D300CD9630 /* Release */ = {
			isa = XCBuildConfiguration;
			buildSettings = {
				ALWAYS_SEARCH_USER_PATHS = NO;
				CLANG_ANALYZER_NONNULL = YES;
				CLANG_ANALYZER_NUMBER_OBJECT_CONVERSION = YES_AGGRESSIVE;
				CLANG_CXX_LANGUAGE_STANDARD = "gnu++14";
				CLANG_CXX_LIBRARY = "libc++";
				CLANG_ENABLE_MODULES = YES;
				CLANG_ENABLE_OBJC_ARC = YES;
				CLANG_WARN_BLOCK_CAPTURE_AUTORELEASING = YES;
				CLANG_WARN_BOOL_CONVERSION = YES;
				CLANG_WARN_COMMA = YES;
				CLANG_WARN_CONSTANT_CONVERSION = YES;
				CLANG_WARN_DEPRECATED_OBJC_IMPLEMENTATIONS = YES;
				CLANG_WARN_DIRECT_OBJC_ISA_USAGE = YES_ERROR;
				CLANG_WARN_DOCUMENTATION_COMMENTS = YES;
				CLANG_WARN_EMPTY_BODY = YES;
				CLANG_WARN_ENUM_CONVERSION = YES;
				CLANG_WARN_INFINITE_RECURSION = YES;
				CLANG_WARN_INT_CONVERSION = YES;
				CLANG_WARN_NON_LITERAL_NULL_CONVERSION = YES;
				CLANG_WARN_OBJC_IMPLICIT_RETAIN_SELF = YES;
				CLANG_WARN_OBJC_LITERAL_CONVERSION = YES;
				CLANG_WARN_OBJC_ROOT_CLASS = YES_ERROR;
				CLANG_WARN_RANGE_LOOP_ANALYSIS = YES;
				CLANG_WARN_STRICT_PROTOTYPES = YES;
				CLANG_WARN_SUSPICIOUS_MOVE = YES;
				CLANG_WARN_UNGUARDED_AVAILABILITY = YES_AGGRESSIVE;
				CLANG_WARN_UNREACHABLE_CODE = YES;
				CLANG_WARN__DUPLICATE_METHOD_MATCH = YES;
				CODE_SIGN_IDENTITY = "iPhone Developer";
				COPY_PHASE_STRIP = NO;
				DEBUG_INFORMATION_FORMAT = "dwarf-with-dsym";
				ENABLE_NS_ASSERTIONS = NO;
				ENABLE_STRICT_OBJC_MSGSEND = YES;
				GCC_C_LANGUAGE_STANDARD = gnu11;
				GCC_NO_COMMON_BLOCKS = YES;
				GCC_WARN_64_TO_32_BIT_CONVERSION = YES;
				GCC_WARN_ABOUT_RETURN_TYPE = YES_ERROR;
				GCC_WARN_UNDECLARED_SELECTOR = YES;
				GCC_WARN_UNINITIALIZED_AUTOS = YES_AGGRESSIVE;
				GCC_WARN_UNUSED_FUNCTION = YES;
				GCC_WARN_UNUSED_VARIABLE = YES;
				IPHONEOS_DEPLOYMENT_TARGET = 11.2;
				MTL_ENABLE_DEBUG_INFO = NO;
				SDKROOT = iphoneos;
				SWIFT_OPTIMIZATION_LEVEL = "-Owholemodule";
				VALIDATE_PRODUCT = YES;
			};
			name = Release;
		};
		29F36781211360D300CD9630 /* Debug */ = {
			isa = XCBuildConfiguration;
			baseConfigurationReference = 162EEB9AF989E930706B6F6A /* Pods-UserLocationApp.debug.xcconfig */;
			buildSettings = {
				ASSETCATALOG_COMPILER_APPICON_NAME = AppIcon;
				CODE_SIGN_STYLE = Automatic;
				INFOPLIST_FILE = UserLocationApp/Info.plist;
				LD_RUNPATH_SEARCH_PATHS = "$(inherited) @executable_path/Frameworks";
				PRODUCT_BUNDLE_IDENTIFIER = com.iOS.UserLocationApp;
				PRODUCT_NAME = "$(TARGET_NAME)";
				SWIFT_VERSION = 4.0;
				TARGETED_DEVICE_FAMILY = "1,2";
			};
			name = Debug;
		};
		29F36782211360D300CD9630 /* Release */ = {
			isa = XCBuildConfiguration;
			baseConfigurationReference = EB530A0586CEA9054A2AE6BA /* Pods-UserLocationApp.release.xcconfig */;
			buildSettings = {
				ASSETCATALOG_COMPILER_APPICON_NAME = AppIcon;
				CODE_SIGN_STYLE = Automatic;
				INFOPLIST_FILE = UserLocationApp/Info.plist;
				LD_RUNPATH_SEARCH_PATHS = "$(inherited) @executable_path/Frameworks";
				PRODUCT_BUNDLE_IDENTIFIER = com.iOS.UserLocationApp;
				PRODUCT_NAME = "$(TARGET_NAME)";
				SWIFT_VERSION = 4.0;
				TARGETED_DEVICE_FAMILY = "1,2";
			};
			name = Release;
		};
/* End XCBuildConfiguration section */

/* Begin XCConfigurationList section */
		29F36769211360D300CD9630 /* Build configuration list for PBXProject "UserLocationApp" */ = {
			isa = XCConfigurationList;
			buildConfigurations = (
				29F3677E211360D300CD9630 /* Debug */,
				29F3677F211360D300CD9630 /* Release */,
			);
			defaultConfigurationIsVisible = 0;
			defaultConfigurationName = Release;
		};
		29F36780211360D300CD9630 /* Build configuration list for PBXNativeTarget "UserLocationApp" */ = {
			isa = XCConfigurationList;
			buildConfigurations = (
				29F36781211360D300CD9630 /* Debug */,
				29F36782211360D300CD9630 /* Release */,
			);
			defaultConfigurationIsVisible = 0;
			defaultConfigurationName = Release;
		};
/* End XCConfigurationList section */
	};
	rootObject = 29F36766211360D300CD9630 /* Project object */;
}
